# THIS IS AN AUTOGENERATED FILE. DO NOT EDIT THIS FILE DIRECTLY.
# yarn lockfile v1


"@types/emscripten@^1.39.7":
  version "1.39.8"
  resolved "https://registry.npmmirror.com/@types/emscripten/-/emscripten-1.39.8.tgz#5e3e81fb37397345cc7c12d189bd72c7d0095af8"
  integrity sha512-Rk0HKcMXFUuqT32k1kXHZWgxiMvsyYsmlnjp0rLKa0MMoqXLE3T9dogDBTRfuc3SAsXu97KD3k4SKR1lHqd57w==

"@types/node@^20.5.0":
  version "20.8.0"
  resolved "https://registry.npmmirror.com/@types/node/-/node-20.8.0.tgz#10ddf0119cf20028781c06d7115562934e53f745"
  integrity sha512-LzcWltT83s1bthcvjBmiBvGJiiUe84NWRHkw+ZV6Fr41z2FbIzvc815dk2nQ3RAKMuN2fkenM/z3Xv2QzEpYxQ==

typescript@^5.1.6:
  version "5.2.2"
  resolved "https://registry.npmmirror.com/typescript/-/typescript-5.2.2.tgz#5ebb5e5a5b75f085f22bc3f8460fba308310fa78"
  integrity sha512-mI4WrpHsbCIcwT9cF4FZvr80QUeKvsUsUvKDoR+X/7XHQH98xYD8YHZg7ANtz2GtZt/CBq2QJ0thkGJMHfqc1w==
